Microsoft Visual Studio Solution File, Format Version 12.00
# Visual Studio Version 17
VisualStudioVersion = 17.12.35707.178
MinimumVisualStudioVersion = 10.0.40219.1
Project("{FAE04EC0-301F-11D3-BF4B-00C04F79EFBC}") = "FrontDesk.Core", "FrontDesk.Core\FrontDesk.Core.csproj", "{8C529FB0-955B-445A-B39F-AA463EB8381B}"
EndProject
Project("{FAE04EC0-301F-11D3-BF4B-00C04F79EFBC}") = "SharedKernel", "SharedKernel\SharedKernel.csproj", "{643B7C5E-0F06-4A17-8D04-5A6A6D16E080}"
EndProject
Project("{FAE04EC0-301F-11D3-BF4B-00C04F79EFBC}") = "FrontDesk.Infrastructure", "FrontDesk.Infrastructure\FrontDesk.Infrastructure.csproj", "{CE907AC3-8FAF-4B3F-BDD0-1465A4887830}"
EndProject
Global
	GlobalSection(SolutionConfigurationPlatforms) = preSolution
		Debug|Any CPU = Debug|Any CPU
		Release|Any CPU = Release|Any CPU
	EndGlobalSection
	GlobalSection(ProjectConfigurationPlatforms) = postSolution
		{8C529FB0-955B-445A-B39F-AA463EB8381B}.Debug|Any CPU.ActiveCfg = Debug|Any CPU
		{8C529FB0-955B-445A-B39F-AA463EB8381B}.Debug|Any CPU.Build.0 = Debug|Any CPU
		{8C529FB0-955B-445A-B39F-AA463EB8381B}.Release|Any CPU.ActiveCfg = Release|Any CPU
		{8C529FB0-955B-445A-B39F-AA463EB8381B}.Release|Any CPU.Build.0 = Release|Any CPU
		{643B7C5E-0F06-4A17-8D04-5A6A6D16E080}.Debug|Any CPU.ActiveCfg = Debug|Any CPU
		{643B7C5E-0F06-4A17-8D04-5A6A6D16E080}.Debug|Any CPU.Build.0 = Debug|Any CPU
		{643B7C5E-0F06-4A17-8D04-5A6A6D16E080}.Release|Any CPU.ActiveCfg = Release|Any CPU
		{643B7C5E-0F06-4A17-8D04-5A6A6D16E080}.Release|Any CPU.Build.0 = Release|Any CPU
		{CE907AC3-8FAF-4B3F-BDD0-1465A4887830}.Debug|Any CPU.ActiveCfg = Debug|Any CPU
		{CE907AC3-8FAF-4B3F-BDD0-1465A4887830}.Debug|Any CPU.Build.0 = Debug|Any CPU
		{CE907AC3-8FAF-4B3F-BDD0-1465A4887830}.Release|Any CPU.ActiveCfg = Release|Any CPU
		{CE907AC3-8FAF-4B3F-BDD0-1465A4887830}.Release|Any CPU.Build.0 = Release|Any CPU
	EndGlobalSection
	GlobalSection(SolutionProperties) = preSolution
		HideSolutionNode = FALSE
	EndGlobalSection
EndGlobal
